
Microsoft Visual Studio Solution File, Format Version 12.00
# Visual Studio 15
VisualStudioVersion = 15.0.28307.1062
MinimumVisualStudioVersion = 10.0.40219.1
Project("{FAE04EC0-301F-11D3-BF4B-00C04F79EFBC}") = "Aula01", "Aula01\Aula01.csproj", "{B51EF4A5-A643-49BB-8569-A3C6806B7899}"
EndProject
Global
	GlobalSection(SolutionConfigurationPlatforms) = preSolution
		Debug|Any CPU = Debug|Any CPU
		Release|Any CPU = Release|Any CPU
	EndGlobalSection
	GlobalSection(ProjectConfigurationPlatforms) = postSolution
		{B51EF4A5-A643-49BB-8569-A3C6806B7899}.Debug|Any CPU.ActiveCfg = Debug|Any CPU
		{B51EF4A5-A643-49BB-8569-A3C6806B7899}.Debug|Any CPU.Build.0 = Debug|Any CPU
		{B51EF4A5-A643-49BB-8569-A3C6806B7899}.Release|Any CPU.ActiveCfg = Release|Any CPU
		{B51EF4A5-A643-49BB-8569-A3C6806B7899}.Release|Any CPU.Build.0 = Release|Any CPU
	EndGlobalSection
	GlobalSection(SolutionProperties) = preSolution
		HideSolutionNode = FALSE
	EndGlobalSection
	GlobalSection(ExtensibilityGlobals) = postSolution
		SolutionGuid = {F0A6E988-715D-47EA-8307-FAB12E797639}
	EndGlobalSection
EndGlobal
